
Microsoft Visual Studio Solution File, Format Version 12.00
# Visual Studio Version 16
VisualStudioVersion = 16.0.31019.35
MinimumVisualStudioVersion = 10.0.40219.1
Project("{D2ABAB84-BF74-430A-B69E-9DC6D40DDA17}") = "MultidimensionalProject_TecnoPC", "MultidimensionalProject_TecnoPC.dwproj", "{6249CFE7-F575-4508-85EA-A3CDE01A5F85}"
EndProject
Global
	GlobalSection(SolutionConfigurationPlatforms) = preSolution
		Development|Default = Development|Default
	EndGlobalSection
	GlobalSection(ProjectConfigurationPlatforms) = postSolution
		{6249CFE7-F575-4508-85EA-A3CDE01A5F85}.Development|Default.ActiveCfg = Development
		{6249CFE7-F575-4508-85EA-A3CDE01A5F85}.Development|Default.Build.0 = Development
		{6249CFE7-F575-4508-85EA-A3CDE01A5F85}.Development|Default.Deploy.0 = Development
	EndGlobalSection
	GlobalSection(SolutionProperties) = preSolution
		HideSolutionNode = FALSE
	EndGlobalSection
	GlobalSection(ExtensibilityGlobals) = postSolution
		SolutionGuid = {7FE381EB-7EB4-4E42-B603-F7B826806FCE}
	EndGlobalSection
EndGlobal
